// !$*UTF8*$!
{
	archiveVersion = 1;
	classes = {
	};
	objectVersion = 48;
	objects = {

/* Begin PBXBuildFile section */
		2AD215FE1F98A448004A3E12 /* AppDelegate.m in Sources */ = {isa = PBXBuildFile; fileRef = 2AD215FD1F98A448004A3E12 /* AppDelegate.m */; };
		2AD216011F98A448004A3E12 /* ViewController.m in Sources */ = {isa = PBXBuildFile; fileRef = 2AD216001F98A448004A3E12 /* ViewController.m */; };
		2AD216041F98A448004A3E12 /* Main.storyboard in Resources */ = {isa = PBXBuildFile; fileRef = 2AD216021F98A448004A3E12 /* Main.storyboard */; };
		2AD216061F98A448004A3E12 /* Assets.xcassets in Resources */ = {isa = PBXBuildFile; fileRef = 2AD216051F98A448004A3E12 /* Assets.xcassets */; };
		2AD216091F98A448004A3E12 /* LaunchScreen.storyboard in Resources */ = {isa = PBXBuildFile; fileRef = 2AD216071F98A448004A3E12 /* LaunchScreen.storyboard */; };
		2AD2160C1F98A448004A3E12 /* main.m in Sources */ = {isa = PBXBuildFile; fileRef = 2AD2160B1F98A448004A3E12 /* main.m */; };
		2AD216151F98A4A0004A3E12 /* XZQCountButton.m in Sources */ = {isa = PBXBuildFile; fileRef = 2AD216141F98A4A0004A3E12 /* XZQCountButton.m */; };
		2AD939192032ADCD00494BC8 /* NSLayoutConstraint+MASDebugAdditions.m in Sources */ = {isa = PBXBuildFile; fileRef = 2AD939002032ADCD00494BC8 /* NSLayoutConstraint+MASDebugAdditions.m */; };
		2AD9391A2032ADCD00494BC8 /* ViewController+MASAdditions.m in Sources */ = {isa = PBXBuildFile; fileRef = 2AD939092032ADCD00494BC8 /* ViewController+MASAdditions.m */; };
		2AD9391B2032ADCD00494BC8 /* MASCompositeConstraint.m in Sources */ = {isa = PBXBuildFile; fileRef = 2AD9390D2032ADCD00494BC8 /* MASCompositeConstraint.m */; };
		2AD9391C2032ADCD00494BC8 /* MASConstraintMaker.m in Sources */ = {isa = PBXBuildFile; fileRef = 2AD9390E2032ADCD00494BC8 /* MASConstraintMaker.m */; };
		2AD9391D2032ADCD00494BC8 /* MASLayoutConstraint.m in Sources */ = {isa = PBXBuildFile; fileRef = 2AD9390F2032ADCD00494BC8 /* MASLayoutConstraint.m */; };
		2AD9391E2032ADCD00494BC8 /* NSArray+MASAdditions.m in Sources */ = {isa = PBXBuildFile; fileRef = 2AD939102032ADCD00494BC8 /* NSArray+MASAdditions.m */; };
		2AD9391F2032ADCD00494BC8 /* View+MASAdditions.m in Sources */ = {isa = PBXBuildFile; fileRef = 2AD939112032ADCD00494BC8 /* View+MASAdditions.m */; };
		2AD939202032ADCD00494BC8 /* MASConstraint.m in Sources */ = {isa = PBXBuildFile; fileRef = 2AD939142032ADCD00494BC8 /* MASConstraint.m */; };
		2AD939212032ADCD00494BC8 /* MASViewConstraint.m in Sources */ = {isa = PBXBuildFile; fileRef = 2AD939162032ADCD00494BC8 /* MASViewConstraint.m */; };
		2AD939222032ADCD00494BC8 /* MASViewAttribute.m in Sources */ = {isa = PBXBuildFile; fileRef = 2AD939172032ADCD00494BC8 /* MASViewAttribute.m */; };
		2AD939232032ADCD00494BC8 /* Info.plist in Resources */ = {isa = PBXBuildFile; fileRef = 2AD939182032ADCD00494BC8 /* Info.plist */; };
		2AF5518D203166890092A65A /* XZQCountButtonViewController.m in Sources */ = {isa = PBXBuildFile; fileRef = 2AF5518C203166890092A65A /* XZQCountButtonViewController.m */; };
		2AF55190203168F80092A65A /* ContactViewController.m in Sources */ = {isa = PBXBuildFile; fileRef = 2AF5518F203168F80092A65A /* ContactViewController.m */; };
		6074FA14C4F5CD6DCA1CCE0D /* libPods-XZQWheel.a in Frameworks */ = {isa = PBXBuildFile; fileRef = B137E758A1078EF7050867BB /* libPods-XZQWheel.a */; };
/* End PBXBuildFile section */

/* Begin PBXFileReference section */
		2AD215F91F98A448004A3E12 /* XZQWheel.app */ = {isa = PBXFileReference; explicitFileType = wrapper.application; includeInIndex = 0; path = XZQWheel.app; sourceTree = BUILT_PRODUCTS_DIR; };
		2AD215FC1F98A448004A3E12 /* AppDelegate.h */ = {isa = PBXFileReference; lastKnownFileType = sourcecode.c.h; path = AppDelegate.h; sourceTree = "<group>"; };
		2AD215FD1F98A448004A3E12 /* AppDelegate.m */ = {isa = PBXFileReference; lastKnownFileType = sourcecode.c.objc; path = AppDelegate.m; sourceTree = "<group>"; };
		2AD215FF1F98A448004A3E12 /* ViewController.h */ = {isa = PBXFileReference; lastKnownFileType = sourcecode.c.h; path = ViewController.h; sourceTree = "<group>"; };
		2AD216001F98A448004A3E12 /* ViewController.m */ = {isa = PBXFileReference; lastKnownFileType = sourcecode.c.objc; path = ViewController.m; sourceTree = "<group>"; };
		2AD216031F98A448004A3E12 /* Base */ = {isa = PBXFileReference; lastKnownFileType = file.storyboard; name = Base; path = Base.lproj/Main.storyboard; sourceTree = "<group>"; };
		2AD216051F98A448004A3E12 /* Assets.xcassets */ = {isa = PBXFileReference; lastKnownFileType = folder.assetcatalog; path = Assets.xcassets; sourceTree = "<group>"; };
		2AD216081F98A448004A3E12 /* Base */ = {isa = PBXFileReference; lastKnownFileType = file.storyboard; name = Base; path = Base.lproj/LaunchScreen.storyboard; sourceTree = "<group>"; };
		2AD2160A1F98A448004A3E12 /* Info.plist */ = {isa = PBXFileReference; lastKnownFileType = text.plist.xml; path = Info.plist; sourceTree = "<group>"; };
		2AD2160B1F98A448004A3E12 /* main.m */ = {isa = PBXFileReference; lastKnownFileType = sourcecode.c.objc; path = main.m; sourceTree = "<group>"; };
		2AD216131F98A4A0004A3E12 /* XZQCountButton.h */ = {isa = PBXFileReference; fileEncoding = 4; lastKnownFileType = sourcecode.c.h; path = XZQCountButton.h; sourceTree = "<group>"; };
		2AD216141F98A4A0004A3E12 /* XZQCountButton.m */ = {isa = PBXFileReference; fileEncoding = 4; lastKnownFileType = sourcecode.c.objc; path = XZQCountButton.m; sourceTree = "<group>"; };
		2AD938FF2032ADCD00494BC8 /* MASCompositeConstraint.h */ = {isa = PBXFileReference; fileEncoding = 4; lastKnownFileType = sourcecode.c.h; path = MASCompositeConstraint.h; sourceTree = "<group>"; };
		2AD939002032ADCD00494BC8 /* NSLayoutConstraint+MASDebugAdditions.m */ = {isa = PBXFileReference; fileEncoding = 4; lastKnownFileType = sourcecode.c.objc; path = "NSLayoutConstraint+MASDebugAdditions.m"; sourceTree = "<group>"; };
		2AD939012032ADCD00494BC8 /* MASConstraint+Private.h */ = {isa = PBXFileReference; fileEncoding = 4; lastKnownFileType = sourcecode.c.h; path = "MASConstraint+Private.h"; sourceTree = "<group>"; };
		2AD939022032ADCD00494BC8 /* MASLayoutConstraint.h */ = {isa = PBXFileReference; fileEncoding = 4; lastKnownFileType = sourcecode.c.h; path = MASLayoutConstraint.h; sourceTree = "<group>"; };
		2AD939032032ADCD00494BC8 /* NSArray+MASShorthandAdditions.h */ = {isa = PBXFileReference; fileEncoding = 4; lastKnownFileType = sourcecode.c.h; path = "NSArray+MASShorthandAdditions.h"; sourceTree = "<group>"; };
		2AD939042032ADCD00494BC8 /* MASConstraintMaker.h */ = {isa = PBXFileReference; fileEncoding = 4; lastKnownFileType = sourcecode.c.h; path = MASConstraintMaker.h; sourceTree = "<group>"; };
		2AD939052032ADCD00494BC8 /* View+MASAdditions.h */ = {isa = PBXFileReference; fileEncoding = 4; lastKnownFileType = sourcecode.c.h; path = "View+MASAdditions.h"; sourceTree = "<group>"; };
		2AD939062032ADCD00494BC8 /* NSArray+MASAdditions.h */ = {isa = PBXFileReference; fileEncoding = 4; lastKnownFileType = sourcecode.c.h; path = "NSArray+MASAdditions.h"; sourceTree = "<group>"; };
		2AD939072032ADCD00494BC8 /* MASUtilities.h */ = {isa = PBXFileReference; fileEncoding = 4; lastKnownFileType = sourcecode.c.h; path = MASUtilities.h; sourceTree = "<group>"; };
		2AD939082032ADCD00494BC8 /* MASViewAttribute.h */ = {isa = PBXFileReference; fileEncoding = 4; lastKnownFileType = sourcecode.c.h; path = MASViewAttribute.h; sourceTree = "<group>"; };
		2AD939092032ADCD00494BC8 /* ViewController+MASAdditions.m */ = {isa = PBXFileReference; fileEncoding = 4; lastKnownFileType = sourcecode.c.objc; path = "ViewController+MASAdditions.m"; sourceTree = "<group>"; };
		2AD9390A2032ADCD00494BC8 /* MASViewConstraint.h */ = {isa = PBXFileReference; fileEncoding = 4; lastKnownFileType = sourcecode.c.h; path = MASViewConstraint.h; sourceTree = "<group>"; };
		2AD9390B2032ADCD00494BC8 /* MASConstraint.h */ = {isa = PBXFileReference; fileEncoding = 4; lastKnownFileType = sourcecode.c.h; path = MASConstraint.h; sourceTree = "<group>"; };
		2AD9390C2032ADCD00494BC8 /* NSLayoutConstraint+MASDebugAdditions.h */ = {isa = PBXFileReference; fileEncoding = 4; lastKnownFileType = sourcecode.c.h; path = "NSLayoutConstraint+MASDebugAdditions.h"; sourceTree = "<group>"; };
		2AD9390D2032ADCD00494BC8 /* MASCompositeConstraint.m */ = {isa = PBXFileReference; fileEncoding = 4; lastKnownFileType = sourcecode.c.objc; path = MASCompositeConstraint.m; sourceTree = "<group>"; };
		2AD9390E2032ADCD00494BC8 /* MASConstraintMaker.m */ = {isa = PBXFileReference; fileEncoding = 4; lastKnownFileType = sourcecode.c.objc; path = MASConstraintMaker.m; sourceTree = "<group>"; };
		2AD9390F2032ADCD00494BC8 /* MASLayoutConstraint.m */ = {isa = PBXFileReference; fileEncoding = 4; lastKnownFileType = sourcecode.c.objc; path = MASLayoutConstraint.m; sourceTree = "<group>"; };
		2AD939102032ADCD00494BC8 /* NSArray+MASAdditions.m */ = {isa = PBXFileReference; fileEncoding = 4; lastKnownFileType = sourcecode.c.objc; path = "NSArray+MASAdditions.m"; sourceTree = "<group>"; };
		2AD939112032ADCD00494BC8 /* View+MASAdditions.m */ = {isa = PBXFileReference; fileEncoding = 4; lastKnownFileType = sourcecode.c.objc; path = "View+MASAdditions.m"; sourceTree = "<group>"; };
		2AD939122032ADCD00494BC8 /* View+MASShorthandAdditions.h */ = {isa = PBXFileReference; fileEncoding = 4; lastKnownFileType = sourcecode.c.h; path = "View+MASShorthandAdditions.h"; sourceTree = "<group>"; };
		2AD939132032ADCD00494BC8 /* Masonry.h */ = {isa = PBXFileReference; fileEncoding = 4; lastKnownFileType = sourcecode.c.h; path = Masonry.h; sourceTree = "<group>"; };
		2AD939142032ADCD00494BC8 /* MASConstraint.m */ = {isa = PBXFileReference; fileEncoding = 4; lastKnownFileType = sourcecode.c.objc; path = MASConstraint.m; sourceTree = "<group>"; };
		2AD939152032ADCD00494BC8 /* ViewController+MASAdditions.h */ = {isa = PBXFileReference; fileEncoding = 4; lastKnownFileType = sourcecode.c.h; path = "ViewController+MASAdditions.h"; sourceTree = "<group>"; };
		2AD939162032ADCD00494BC8 /* MASViewConstraint.m */ = {isa = PBXFileReference; fileEncoding = 4; lastKnownFileType = sourcecode.c.objc; path = MASViewConstraint.m; sourceTree = "<group>"; };
		2AD939172032ADCD00494BC8 /* MASViewAttribute.m */ = {isa = PBXFileReference; fileEncoding = 4; lastKnownFileType = sourcecode.c.objc; path = MASViewAttribute.m; sourceTree = "<group>"; };
		2AD939182032ADCD00494BC8 /* Info.plist */ = {isa = PBXFileReference; fileEncoding = 4; lastKnownFileType = text.plist.xml; path = Info.plist; sourceTree = "<group>"; };
		2AF5518B203166890092A65A /* XZQCountButtonViewController.h */ = {isa = PBXFileReference; lastKnownFileType = sourcecode.c.h; path = XZQCountButtonViewController.h; sourceTree = "<group>"; };
		2AF5518C203166890092A65A /* XZQCountButtonViewController.m */ = {isa = PBXFileReference; lastKnownFileType = sourcecode.c.objc; path = XZQCountButtonViewController.m; sourceTree = "<group>"; };
		2AF5518E203168F80092A65A /* ContactViewController.h */ = {isa = PBXFileReference; lastKnownFileType = sourcecode.c.h; path = ContactViewController.h; sourceTree = "<group>"; };
		2AF5518F203168F80092A65A /* ContactViewController.m */ = {isa = PBXFileReference; lastKnownFileType = sourcecode.c.objc; path = ContactViewController.m; sourceTree = "<group>"; };
		2AF5519220316FB70092A65A /* Useful_Define.h */ = {isa = PBXFileReference; lastKnownFileType = sourcecode.c.h; path = Useful_Define.h; sourceTree = "<group>"; };
		62E1C82B82FE2FF4DC94C4DC /* Pods-XZQWheel.debug.xcconfig */ = {isa = PBXFileReference; includeInIndex = 1; lastKnownFileType = text.xcconfig; name = "Pods-XZQWheel.debug.xcconfig"; path = "Pods/Target Support Files/Pods-XZQWheel/Pods-XZQWheel.debug.xcconfig"; sourceTree = "<group>"; };
		B137E758A1078EF7050867BB /* libPods-XZQWheel.a */ = {isa = PBXFileReference; explicitFileType = archive.ar; includeInIndex = 0; path = "libPods-XZQWheel.a"; sourceTree = BUILT_PRODUCTS_DIR; };
		CB8DD3290861E16AD7FB79E1 /* Pods-XZQWheel.release.xcconfig */ = {isa = PBXFileReference; includeInIndex = 1; lastKnownFileType = text.xcconfig; name = "Pods-XZQWheel.release.xcconfig"; path = "Pods/Target Support Files/Pods-XZQWheel/Pods-XZQWheel.release.xcconfig"; sourceTree = "<group>"; };
/* End PBXFileReference section */

/* Begin PBXFrameworksBuildPhase section */
		2AD215F61F98A448004A3E12 /* Frameworks */ = {
			isa = PBXFrameworksBuildPhase;
			buildActionMask = 2147483647;
			files = (
				6074FA14C4F5CD6DCA1CCE0D /* libPods-XZQWheel.a in Frameworks */,
			);
			runOnlyForDeploymentPostprocessing = 0;
		};
/* End PBXFrameworksBuildPhase section */

/* Begin PBXGroup section */
		2324976FEC3E1801C0B17081 /* Pods */ = {
			isa = PBXGroup;
			children = (
				62E1C82B82FE2FF4DC94C4DC /* Pods-XZQWheel.debug.xcconfig */,
				CB8DD3290861E16AD7FB79E1 /* Pods-XZQWheel.release.xcconfig */,
			);
			name = Pods;
			sourceTree = "<group>";
		};
		2AD215F01F98A448004A3E12 = {
			isa = PBXGroup;
			children = (
				2AD215FB1F98A448004A3E12 /* XZQWheel */,
				2AD215FA1F98A448004A3E12 /* Products */,
				2324976FEC3E1801C0B17081 /* Pods */,
				53D95BA67DFB33728682A35C /* Frameworks */,
			);
			sourceTree = "<group>";
		};
		2AD215FA1F98A448004A3E12 /* Products */ = {
			isa = PBXGroup;
			children = (
				2AD215F91F98A448004A3E12 /* XZQWheel.app */,
			);
			name = Products;
			sourceTree = "<group>";
		};
		2AD215FB1F98A448004A3E12 /* XZQWheel */ = {
			isa = PBXGroup;
			children = (
				2AD938FD2032ADCD00494BC8 /* XZQThirdSDK */,
				2AF5519120316FA80092A65A /* XZQDefine */,
				2AF5518A203166720092A65A /* XZQExampleController */,
				2AD216121F98A4A0004A3E12 /* XZQCountButton */,
				2AD215FC1F98A448004A3E12 /* AppDelegate.h */,
				2AD215FD1F98A448004A3E12 /* AppDelegate.m */,
				2AD215FF1F98A448004A3E12 /* ViewController.h */,
				2AD216001F98A448004A3E12 /* ViewController.m */,
				2AF5518E203168F80092A65A /* ContactViewController.h */,
				2AF5518F203168F80092A65A /* ContactViewController.m */,
				2AD216021F98A448004A3E12 /* Main.storyboard */,
				2AD216051F98A448004A3E12 /* Assets.xcassets */,
				2AD216071F98A448004A3E12 /* LaunchScreen.storyboard */,
				2AD2160A1F98A448004A3E12 /* Info.plist */,
				2AD2160B1F98A448004A3E12 /* main.m */,
			);
			path = XZQWheel;
			sourceTree = "<group>";
		};
		2AD216121F98A4A0004A3E12 /* XZQCountButton */ = {
			isa = PBXGroup;
			children = (
				2AD216131F98A4A0004A3E12 /* XZQCountButton.h */,
				2AD216141F98A4A0004A3E12 /* XZQCountButton.m */,
			);
			path = XZQCountButton;
			sourceTree = "<group>";
		};
		2AD938FD2032ADCD00494BC8 /* XZQThirdSDK */ = {
			isa = PBXGroup;
			children = (
				2AD938FE2032ADCD00494BC8 /* Masonry */,
			);
			path = XZQThirdSDK;
			sourceTree = "<group>";
		};
		2AD938FE2032ADCD00494BC8 /* Masonry */ = {
			isa = PBXGroup;
			children = (
				2AD938FF2032ADCD00494BC8 /* MASCompositeConstraint.h */,
				2AD939002032ADCD00494BC8 /* NSLayoutConstraint+MASDebugAdditions.m */,
				2AD939012032ADCD00494BC8 /* MASConstraint+Private.h */,
				2AD939022032ADCD00494BC8 /* MASLayoutConstraint.h */,
				2AD939032032ADCD00494BC8 /* NSArray+MASShorthandAdditions.h */,
				2AD939042032ADCD00494BC8 /* MASConstraintMaker.h */,
				2AD939052032ADCD00494BC8 /* View+MASAdditions.h */,
				2AD939062032ADCD00494BC8 /* NSArray+MASAdditions.h */,
				2AD939072032ADCD00494BC8 /* MASUtilities.h */,
				2AD939082032ADCD00494BC8 /* MASViewAttribute.h */,
				2AD939092032ADCD00494BC8 /* ViewController+MASAdditions.m */,
				2AD9390A2032ADCD00494BC8 /* MASViewConstraint.h */,
				2AD9390B2032ADCD00494BC8 /* MASConstraint.h */,
				2AD9390C2032ADCD00494BC8 /* NSLayoutConstraint+MASDebugAdditions.h */,
				2AD9390D2032ADCD00494BC8 /* MASCompositeConstraint.m */,
				2AD9390E2032ADCD00494BC8 /* MASConstraintMaker.m */,
				2AD9390F2032ADCD00494BC8 /* MASLayoutConstraint.m */,
				2AD939102032ADCD00494BC8 /* NSArray+MASAdditions.m */,
				2AD939112032ADCD00494BC8 /* View+MASAdditions.m */,
				2AD939122032ADCD00494BC8 /* View+MASShorthandAdditions.h */,
				2AD939132032ADCD00494BC8 /* Masonry.h */,
				2AD939142032ADCD00494BC8 /* MASConstraint.m */,
				2AD939152032ADCD00494BC8 /* ViewController+MASAdditions.h */,
				2AD939162032ADCD00494BC8 /* MASViewConstraint.m */,
				2AD939172032ADCD00494BC8 /* MASViewAttribute.m */,
				2AD939182032ADCD00494BC8 /* Info.plist */,
			);
			path = Masonry;
			sourceTree = "<group>";
		};
		2AF5518A203166720092A65A /* XZQExampleController */ = {
			isa = PBXGroup;
			children = (
				2AF5518B203166890092A65A /* XZQCountButtonViewController.h */,
				2AF5518C203166890092A65A /* XZQCountButtonViewController.m */,
			);
			path = XZQExampleController;
			sourceTree = "<group>";
		};
		2AF5519120316FA80092A65A /* XZQDefine */ = {
			isa = PBXGroup;
			children = (
				2AF5519220316FB70092A65A /* Useful_Define.h */,
			);
			path = XZQDefine;
			sourceTree = "<group>";
		};
		53D95BA67DFB33728682A35C /* Frameworks */ = {
			isa = PBXGroup;
			children = (
				B137E758A1078EF7050867BB /* libPods-XZQWheel.a */,
			);
			name = Frameworks;
			sourceTree = "<group>";
		};
/* End PBXGroup section */

/* Begin PBXNativeTarget section */
		2AD215F81F98A448004A3E12 /* XZQWheel */ = {
			isa = PBXNativeTarget;
			buildConfigurationList = 2AD2160F1F98A448004A3E12 /* Build configuration list for PBXNativeTarget "XZQWheel" */;
			buildPhases = (
				DF4A0BEA71874189F77910F2 /* [CP] Check Pods Manifest.lock */,
				2AD215F51F98A448004A3E12 /* Sources */,
				2AD215F61F98A448004A3E12 /* Frameworks */,
				2AD215F71F98A448004A3E12 /* Resources */,
				6E00C2D3A0C229DD8B8C6C32 /* [CP] Embed Pods Frameworks */,
				C8199431AAB0C500C7A41D42 /* [CP] Copy Pods Resources */,
			);
			buildRules = (
			);
			dependencies = (
			);
			name = XZQWheel;
			productName = XZQWheel;
			productReference = 2AD215F91F98A448004A3E12 /* XZQWheel.app */;
			productType = "com.apple.product-type.application";
		};
/* End PBXNativeTarget section */

/* Begin PBXProject section */
		2AD215F11F98A448004A3E12 /* Project object */ = {
			isa = PBXProject;
			attributes = {
				LastUpgradeCheck = 0900;
				ORGANIZATIONNAME = "许卓权";
				TargetAttributes = {
					2AD215F81F98A448004A3E12 = {
						CreatedOnToolsVersion = 9.0.1;
						ProvisioningStyle = Automatic;
					};
				};
			};
			buildConfigurationList = 2AD215F41F98A448004A3E12 /* Build configuration list for PBXProject "XZQWheel" */;
			compatibilityVersion = "Xcode 8.0";
			developmentRegion = en;
			hasScannedForEncodings = 0;
			knownRegions = (
				en,
				Base,
			);
			mainGroup = 2AD215F01F98A448004A3E12;
			productRefGroup = 2AD215FA1F98A448004A3E12 /* Products */;
			projectDirPath = "";
			projectRoot = "";
			targets = (
				2AD215F81F98A448004A3E12 /* XZQWheel */,
			);
		};
/* End PBXProject section */

/* Begin PBXResourcesBuildPhase section */
		2AD215F71F98A448004A3E12 /* Resources */ = {
			isa = PBXResourcesBuildPhase;
			buildActionMask = 2147483647;
			files = (
				2AD939232032ADCD00494BC8 /* Info.plist in Resources */,
				2AD216091F98A448004A3E12 /* LaunchScreen.storyboard in Resources */,
				2AD216061F98A448004A3E12 /* Assets.xcassets in Resources */,
				2AD216041F98A448004A3E12 /* Main.storyboard in Resources */,
			);
			runOnlyForDeploymentPostprocessing = 0;
		};
/* End PBXResourcesBuildPhase section */

/* Begin PBXShellScriptBuildPhase section */
		6E00C2D3A0C229DD8B8C6C32 /* [CP] Embed Pods Frameworks */ = {
			isa = PBXShellScriptBuildPhase;
			buildActionMask = 2147483647;
			files = (
			);
			inputPaths = (
			);
			name = "[CP] Embed Pods Frameworks";
			outputPaths = (
			);
			runOnlyForDeploymentPostprocessing = 0;
			shellPath = /bin/sh;
			shellScript = "\"${SRCROOT}/Pods/Target Support Files/Pods-XZQWheel/Pods-XZQWheel-frameworks.sh\"\n";
			showEnvVarsInLog = 0;
		};
		C8199431AAB0C500C7A41D42 /* [CP] Copy Pods Resources */ = {
			isa = PBXShellScriptBuildPhase;
			buildActionMask = 2147483647;
			files = (
			);
			inputPaths = (
			);
			name = "[CP] Copy Pods Resources";
			outputPaths = (
			);
			runOnlyForDeploymentPostprocessing = 0;
			shellPath = /bin/sh;
			shellScript = "\"${SRCROOT}/Pods/Target Support Files/Pods-XZQWheel/Pods-XZQWheel-resources.sh\"\n";
			showEnvVarsInLog = 0;
		};
		DF4A0BEA71874189F77910F2 /* [CP] Check Pods Manifest.lock */ = {
			isa = PBXShellScriptBuildPhase;
			buildActionMask = 2147483647;
			files = (
			);
			inputPaths = (
				"${PODS_PODFILE_DIR_PATH}/Podfile.lock",
				"${PODS_ROOT}/Manifest.lock",
			);
			name = "[CP] Check Pods Manifest.lock";
			outputPaths = (
				"$(DERIVED_FILE_DIR)/Pods-XZQWheel-checkManifestLockResult.txt",
			);
			runOnlyForDeploymentPostprocessing = 0;
			shellPath = /bin/sh;
			shellScript = "diff \"${PODS_PODFILE_DIR_PATH}/Podfile.lock\" \"${PODS_ROOT}/Manifest.lock\" > /dev/null\nif [ $? != 0 ] ; then\n    # print error to STDERR\n    echo \"error: The sandbox is not in sync with the Podfile.lock. Run 'pod install' or update your CocoaPods installation.\" >&2\n    exit 1\nfi\n# This output is used by Xcode 'outputs' to avoid re-running this script phase.\necho \"SUCCESS\" > \"${SCRIPT_OUTPUT_FILE_0}\"\n";
			showEnvVarsInLog = 0;
		};
/* End PBXShellScriptBuildPhase section */

/* Begin PBXSourcesBuildPhase section */
		2AD215F51F98A448004A3E12 /* Sources */ = {
			isa = PBXSourcesBuildPhase;
			buildActionMask = 2147483647;
			files = (
				2AD939212032ADCD00494BC8 /* MASViewConstraint.m in Sources */,
				2AD216011F98A448004A3E12 /* ViewController.m in Sources */,
				2AD9391C2032ADCD00494BC8 /* MASConstraintMaker.m in Sources */,
				2AF55190203168F80092A65A /* ContactViewController.m in Sources */,
				2AD9391A2032ADCD00494BC8 /* ViewController+MASAdditions.m in Sources */,
				2AD939192032ADCD00494BC8 /* NSLayoutConstraint+MASDebugAdditions.m in Sources */,
				2AD9391B2032ADCD00494BC8 /* MASCompositeConstraint.m in Sources */,
				2AD2160C1F98A448004A3E12 /* main.m in Sources */,
				2AD9391D2032ADCD00494BC8 /* MASLayoutConstraint.m in Sources */,
				2AD9391F2032ADCD00494BC8 /* View+MASAdditions.m in Sources */,
				2AD9391E2032ADCD00494BC8 /* NSArray+MASAdditions.m in Sources */,
				2AD215FE1F98A448004A3E12 /* AppDelegate.m in Sources */,
				2AF5518D203166890092A65A /* XZQCountButtonViewController.m in Sources */,
				2AD939222032ADCD00494BC8 /* MASViewAttribute.m in Sources */,
				2AD939202032ADCD00494BC8 /* MASConstraint.m in Sources */,
				2AD216151F98A4A0004A3E12 /* XZQCountButton.m in Sources */,
			);
			runOnlyForDeploymentPostprocessing = 0;
		};
/* End PBXSourcesBuildPhase section */

/* Begin PBXVariantGroup section */
		2AD216021F98A448004A3E12 /* Main.storyboard */ = {
			isa = PBXVariantGroup;
			children = (
				2AD216031F98A448004A3E12 /* Base */,
			);
			name = Main.storyboard;
			sourceTree = "<group>";
		};
		2AD216071F98A448004A3E12 /* LaunchScreen.storyboard */ = {
			isa = PBXVariantGroup;
			children = (
				2AD216081F98A448004A3E12 /* Base */,
			);
			name = LaunchScreen.storyboard;
			sourceTree = "<group>";
		};
/* End PBXVariantGroup section */

/* Begin XCBuildConfiguration section */
		2AD2160D1F98A448004A3E12 /* Debug */ = {
			isa = XCBuildConfiguration;
			buildSettings = {
				ALWAYS_SEARCH_USER_PATHS = NO;
				CLANG_ANALYZER_NONNULL = YES;
				CLANG_ANALYZER_NUMBER_OBJECT_CONVERSION = YES_AGGRESSIVE;
				CLANG_CXX_LANGUAGE_STANDARD = "gnu++14";
				CLANG_CXX_LIBRARY = "libc++";
				CLANG_ENABLE_MODULES = YES;
				CLANG_ENABLE_OBJC_ARC = YES;
				CLANG_WARN_BLOCK_CAPTURE_AUTORELEASING = YES;
				CLANG_WARN_BOOL_CONVERSION = YES;
				CLANG_WARN_COMMA = YES;
				CLANG_WARN_CONSTANT_CONVERSION = YES;
				CLANG_WARN_DIRECT_OBJC_ISA_USAGE = YES_ERROR;
				CLANG_WARN_DOCUMENTATION_COMMENTS = YES;
				CLANG_WARN_EMPTY_BODY = YES;
				CLANG_WARN_ENUM_CONVERSION = YES;
				CLANG_WARN_INFINITE_RECURSION = YES;
				CLANG_WARN_INT_CONVERSION = YES;
				CLANG_WARN_NON_LITERAL_NULL_CONVERSION = YES;
				CLANG_WARN_OBJC_LITERAL_CONVERSION = YES;
				CLANG_WARN_OBJC_ROOT_CLASS = YES_ERROR;
				CLANG_WARN_RANGE_LOOP_ANALYSIS = YES;
				CLANG_WARN_STRICT_PROTOTYPES = YES;
				CLANG_WARN_SUSPICIOUS_MOVE = YES;
				CLANG_WARN_UNGUARDED_AVAILABILITY = YES_AGGRESSIVE;
				CLANG_WARN_UNREACHABLE_CODE = YES;
				CLANG_WARN__DUPLICATE_METHOD_MATCH = YES;
				CODE_SIGN_IDENTITY = "iPhone Developer";
				COPY_PHASE_STRIP = NO;
				DEBUG_INFORMATION_FORMAT = dwarf;
				ENABLE_STRICT_OBJC_MSGSEND = YES;
				ENABLE_TESTABILITY = YES;
				GCC_C_LANGUAGE_STANDARD = gnu11;
				GCC_DYNAMIC_NO_PIC = NO;
				GCC_NO_COMMON_BLOCKS = YES;
				GCC_OPTIMIZATION_LEVEL = 0;
				GCC_PREPROCESSOR_DEFINITIONS = (
					"DEBUG=1",
					"$(inherited)",
				);
				GCC_WARN_64_TO_32_BIT_CONVERSION = YES;
				GCC_WARN_ABOUT_RETURN_TYPE = YES_ERROR;
				GCC_WARN_UNDECLARED_SELECTOR = YES;
				GCC_WARN_UNINITIALIZED_AUTOS = YES_AGGRESSIVE;
				GCC_WARN_UNUSED_FUNCTION = YES;
				GCC_WARN_UNUSED_VARIABLE = YES;
				IPHONEOS_DEPLOYMENT_TARGET = 11.0;
				MTL_ENABLE_DEBUG_INFO = YES;
				ONLY_ACTIVE_ARCH = YES;
				SDKROOT = iphoneos;
			};
			name = Debug;
		};
		2AD2160E1F98A448004A3E12 /* Release */ = {
			isa = XCBuildConfiguration;
			buildSettings = {
				ALWAYS_SEARCH_USER_PATHS = NO;
				CLANG_ANALYZER_NONNULL = YES;
				CLANG_ANALYZER_NUMBER_OBJECT_CONVERSION = YES_AGGRESSIVE;
				CLANG_CXX_LANGUAGE_STANDARD = "gnu++14";
				CLANG_CXX_LIBRARY = "libc++";
				CLANG_ENABLE_MODULES = YES;
				CLANG_ENABLE_OBJC_ARC = YES;
				CLANG_WARN_BLOCK_CAPTURE_AUTORELEASING = YES;
				CLANG_WARN_BOOL_CONVERSION = YES;
				CLANG_WARN_COMMA = YES;
				CLANG_WARN_CONSTANT_CONVERSION = YES;
				CLANG_WARN_DIRECT_OBJC_ISA_USAGE = YES_ERROR;
				CLANG_WARN_DOCUMENTATION_COMMENTS = YES;
				CLANG_WARN_EMPTY_BODY = YES;
				CLANG_WARN_ENUM_CONVERSION = YES;
				CLANG_WARN_INFINITE_RECURSION = YES;
				CLANG_WARN_INT_CONVERSION = YES;
				CLANG_WARN_NON_LITERAL_NULL_CONVERSION = YES;
				CLANG_WARN_OBJC_LITERAL_CONVERSION = YES;
				CLANG_WARN_OBJC_ROOT_CLASS = YES_ERROR;
				CLANG_WARN_RANGE_LOOP_ANALYSIS = YES;
				CLANG_WARN_STRICT_PROTOTYPES = YES;
				CLANG_WARN_SUSPICIOUS_MOVE = YES;
				CLANG_WARN_UNGUARDED_AVAILABILITY = YES_AGGRESSIVE;
				CLANG_WARN_UNREACHABLE_CODE = YES;
				CLANG_WARN__DUPLICATE_METHOD_MATCH = YES;
				CODE_SIGN_IDENTITY = "iPhone Developer";
				COPY_PHASE_STRIP = NO;
				DEBUG_INFORMATION_FORMAT = "dwarf-with-dsym";
				ENABLE_NS_ASSERTIONS = NO;
				ENABLE_STRICT_OBJC_MSGSEND = YES;
				GCC_C_LANGUAGE_STANDARD = gnu11;
				GCC_NO_COMMON_BLOCKS = YES;
				GCC_WARN_64_TO_32_BIT_CONVERSION = YES;
				GCC_WARN_ABOUT_RETURN_TYPE = YES_ERROR;
				GCC_WARN_UNDECLARED_SELECTOR = YES;
				GCC_WARN_UNINITIALIZED_AUTOS = YES_AGGRESSIVE;
				GCC_WARN_UNUSED_FUNCTION = YES;
				GCC_WARN_UNUSED_VARIABLE = YES;
				IPHONEOS_DEPLOYMENT_TARGET = 11.0;
				MTL_ENABLE_DEBUG_INFO = NO;
				SDKROOT = iphoneos;
				VALIDATE_PRODUCT = YES;
			};
			name = Release;
		};
		2AD216101F98A448004A3E12 /* Debug */ = {
			isa = XCBuildConfiguration;
			baseConfigurationReference = 62E1C82B82FE2FF4DC94C4DC /* Pods-XZQWheel.debug.xcconfig */;
			buildSettings = {
				ASSETCATALOG_COMPILER_APPICON_NAME = AppIcon;
				"CODE_SIGN_IDENTITY[sdk=iphoneos*]" = "iPhone Developer";
				CODE_SIGN_STYLE = Automatic;
				DEVELOPMENT_TEAM = "";
				INFOPLIST_FILE = XZQWheel/Info.plist;
				LD_RUNPATH_SEARCH_PATHS = "$(inherited) @executable_path/Frameworks";
				PRODUCT_BUNDLE_IDENTIFIER = com.xzq.test.XZQWheel;
				PRODUCT_NAME = "$(TARGET_NAME)";
				PROVISIONING_PROFILE_SPECIFIER = "";
				TARGETED_DEVICE_FAMILY = "1,2";
			};
			name = Debug;
		};
		2AD216111F98A448004A3E12 /* Release */ = {
			isa = XCBuildConfiguration;
			baseConfigurationReference = CB8DD3290861E16AD7FB79E1 /* Pods-XZQWheel.release.xcconfig */;
			buildSettings = {
				ASSETCATALOG_COMPILER_APPICON_NAME = AppIcon;
				"CODE_SIGN_IDENTITY[sdk=iphoneos*]" = "iPhone Developer";
				CODE_SIGN_STYLE = Automatic;
				DEVELOPMENT_TEAM = "";
				INFOPLIST_FILE = XZQWheel/Info.plist;
				LD_RUNPATH_SEARCH_PATHS = "$(inherited) @executable_path/Frameworks";
				PRODUCT_BUNDLE_IDENTIFIER = com.xzq.test.XZQWheel;
				PRODUCT_NAME = "$(TARGET_NAME)";
				PROVISIONING_PROFILE_SPECIFIER = "";
				TARGETED_DEVICE_FAMILY = "1,2";
			};
			name = Release;
		};
/* End XCBuildConfiguration section */

/* Begin XCConfigurationList section */
		2AD215F41F98A448004A3E12 /* Build configuration list for PBXProject "XZQWheel" */ = {
			isa = XCConfigurationList;
			buildConfigurations = (
				2AD2160D1F98A448004A3E12 /* Debug */,
				2AD2160E1F98A448004A3E12 /* Release */,
			);
			defaultConfigurationIsVisible = 0;
			defaultConfigurationName = Release;
		};
		2AD2160F1F98A448004A3E12 /* Build configuration list for PBXNativeTarget "XZQWheel" */ = {
			isa = XCConfigurationList;
			buildConfigurations = (
				2AD216101F98A448004A3E12 /* Debug */,
				2AD216111F98A448004A3E12 /* Release */,
			);
			defaultConfigurationIsVisible = 0;
			defaultConfigurationName = Release;
		};
/* End XCConfigurationList section */
	};
	rootObject = 2AD215F11F98A448004A3E12 /* Project object */;
}
